
Microsoft Visual Studio Solution File, Format Version 12.00
# Visual Studio Version 16
VisualStudioVersion = 16.0.31005.135
MinimumVisualStudioVersion = 10.0.40219.1
Project("{9A19103F-16F7-4668-BE54-9A1E7A4F7556}") = "Valuator", "Valuator.csproj", "{7D49E565-DB5E-4BA1-9864-C24ECA79BDB9}"
EndProject
Project("{9A19103F-16F7-4668-BE54-9A1E7A4F7556}") = "ClassesLibrary", "..\ClassesLibrary\ClassesLibrary.csproj", "{91BBBE36-6923-4F3D-AD70-F78D2B8A7B74}"
EndProject
Project("{9A19103F-16F7-4668-BE54-9A1E7A4F7556}") = "RankCalculator", "..\RankCalculator\RankCalculator.csproj", "{92C99BED-3E98-4DE4-9FEC-52131A3FA025}"
EndProject
Project("{FAE04EC0-301F-11D3-BF4B-00C04F79EFBC}") = "EventsLogger", "..\EventsLogger\EventsLogger.csproj", "{07A9A042-8419-4695-A77C-C420366F70B3}"
EndProject
Global
	GlobalSection(SolutionConfigurationPlatforms) = preSolution
		Debug|Any CPU = Debug|Any CPU
		Release|Any CPU = Release|Any CPU
	EndGlobalSection
	GlobalSection(ProjectConfigurationPlatforms) = postSolution
		{7D49E565-DB5E-4BA1-9864-C24ECA79BDB9}.Debug|Any CPU.ActiveCfg = Debug|Any CPU
		{7D49E565-DB5E-4BA1-9864-C24ECA79BDB9}.Debug|Any CPU.Build.0 = Debug|Any CPU
		{7D49E565-DB5E-4BA1-9864-C24ECA79BDB9}.Release|Any CPU.ActiveCfg = Release|Any CPU
		{7D49E565-DB5E-4BA1-9864-C24ECA79BDB9}.Release|Any CPU.Build.0 = Release|Any CPU
		{91BBBE36-6923-4F3D-AD70-F78D2B8A7B74}.Debug|Any CPU.ActiveCfg = Debug|Any CPU
		{91BBBE36-6923-4F3D-AD70-F78D2B8A7B74}.Debug|Any CPU.Build.0 = Debug|Any CPU
		{91BBBE36-6923-4F3D-AD70-F78D2B8A7B74}.Release|Any CPU.ActiveCfg = Release|Any CPU
		{91BBBE36-6923-4F3D-AD70-F78D2B8A7B74}.Release|Any CPU.Build.0 = Release|Any CPU
		{92C99BED-3E98-4DE4-9FEC-52131A3FA025}.Debug|Any CPU.ActiveCfg = Debug|Any CPU
		{92C99BED-3E98-4DE4-9FEC-52131A3FA025}.Debug|Any CPU.Build.0 = Debug|Any CPU
		{92C99BED-3E98-4DE4-9FEC-52131A3FA025}.Release|Any CPU.ActiveCfg = Release|Any CPU
		{92C99BED-3E98-4DE4-9FEC-52131A3FA025}.Release|Any CPU.Build.0 = Release|Any CPU
		{07A9A042-8419-4695-A77C-C420366F70B3}.Debug|Any CPU.ActiveCfg = Debug|Any CPU
		{07A9A042-8419-4695-A77C-C420366F70B3}.Debug|Any CPU.Build.0 = Debug|Any CPU
		{07A9A042-8419-4695-A77C-C420366F70B3}.Release|Any CPU.ActiveCfg = Release|Any CPU
		{07A9A042-8419-4695-A77C-C420366F70B3}.Release|Any CPU.Build.0 = Release|Any CPU
	EndGlobalSection
	GlobalSection(SolutionProperties) = preSolution
		HideSolutionNode = FALSE
	EndGlobalSection
	GlobalSection(ExtensibilityGlobals) = postSolution
		SolutionGuid = {56BE9656-6789-4434-B3B0-55CE80B9C653}
	EndGlobalSection
EndGlobal
